// !$*UTF8*$!
{
	archiveVersion = 1;
	classes = {
	};
	objectVersion = 55;
	objects = {

/* Begin PBXBuildFile section */
		84492B482899F23C0000129D /* StatusCode.swift in Sources */ = {isa = PBXBuildFile; fileRef = 84492B472899F23C0000129D /* StatusCode.swift */; };
		84492B4B289A10A20000129D /* BookRow.swift in Sources */ = {isa = PBXBuildFile; fileRef = 84492B4A289A10A20000129D /* BookRow.swift */; };
		84492B4D289A19750000129D /* BookDataEntryView.swift in Sources */ = {isa = PBXBuildFile; fileRef = 84492B4C289A19750000129D /* BookDataEntryView.swift */; };
		84492B50289A1A300000129D /* Book.swift in Sources */ = {isa = PBXBuildFile; fileRef = 84492B4F289A1A300000129D /* Book.swift */; };
		84AA884328989AC600A8E02B /* iOSNetworkingApp.swift in Sources */ = {isa = PBXBuildFile; fileRef = 84AA884228989AC600A8E02B /* iOSNetworkingApp.swift */; };
		84AA884528989AC600A8E02B /* ContentView.swift in Sources */ = {isa = PBXBuildFile; fileRef = 84AA884428989AC600A8E02B /* ContentView.swift */; };
		84AA884728989AC800A8E02B /* Assets.xcassets in Resources */ = {isa = PBXBuildFile; fileRef = 84AA884628989AC800A8E02B /* Assets.xcassets */; };
		84AA884A28989AC800A8E02B /* Preview Assets.xcassets in Resources */ = {isa = PBXBuildFile; fileRef = 84AA884928989AC800A8E02B /* Preview Assets.xcassets */; };
		84AA885F2898A39600A8E02B /* Tabs.swift in Sources */ = {isa = PBXBuildFile; fileRef = 84AA885E2898A39600A8E02B /* Tabs.swift */; };
		84AA88612898A7C500A8E02B /* Tabify.swift in Sources */ = {isa = PBXBuildFile; fileRef = 84AA88602898A7C500A8E02B /* Tabify.swift */; };
		84AA88642898B4E600A8E02B /* Color+Extensions.swift in Sources */ = {isa = PBXBuildFile; fileRef = 84AA88632898B4E600A8E02B /* Color+Extensions.swift */; };
		84AA88662898BD5400A8E02B /* StatusCodesView.swift in Sources */ = {isa = PBXBuildFile; fileRef = 84AA88652898BD5400A8E02B /* StatusCodesView.swift */; };
		84AA88682898BFFE00A8E02B /* CarBrandsView.swift in Sources */ = {isa = PBXBuildFile; fileRef = 84AA88672898BFFE00A8E02B /* CarBrandsView.swift */; };
		84AA886C2898DCD900A8E02B /* UserProfileButton.swift in Sources */ = {isa = PBXBuildFile; fileRef = 84AA886B2898DCD900A8E02B /* UserProfileButton.swift */; };
		84AA886E2898DF3800A8E02B /* MyBooksView.swift in Sources */ = {isa = PBXBuildFile; fileRef = 84AA886D2898DF3800A8E02B /* MyBooksView.swift */; };
		84AA88702898DF6700A8E02B /* MyImagesView.swift in Sources */ = {isa = PBXBuildFile; fileRef = 84AA886F2898DF6700A8E02B /* MyImagesView.swift */; };
		84AA88722898F24C00A8E02B /* UserProfileView.swift in Sources */ = {isa = PBXBuildFile; fileRef = 84AA88712898F24C00A8E02B /* UserProfileView.swift */; };
		84F3AE41289A4CB3004D1359 /* Photo.swift in Sources */ = {isa = PBXBuildFile; fileRef = 84F3AE40289A4CB3004D1359 /* Photo.swift */; };
/* End PBXBuildFile section */

/* Begin PBXFileReference section */
		84492B472899F23C0000129D /* StatusCode.swift */ = {isa = PBXFileReference; lastKnownFileType = sourcecode.swift; path = StatusCode.swift; sourceTree = "<group>"; };
		84492B4A289A10A20000129D /* BookRow.swift */ = {isa = PBXFileReference; lastKnownFileType = sourcecode.swift; path = BookRow.swift; sourceTree = "<group>"; };
		84492B4C289A19750000129D /* BookDataEntryView.swift */ = {isa = PBXFileReference; lastKnownFileType = sourcecode.swift; path = BookDataEntryView.swift; sourceTree = "<group>"; };
		84492B4F289A1A300000129D /* Book.swift */ = {isa = PBXFileReference; lastKnownFileType = sourcecode.swift; path = Book.swift; sourceTree = "<group>"; };
		84AA883F28989AC600A8E02B /* iOSNetworking.app */ = {isa = PBXFileReference; explicitFileType = wrapper.application; includeInIndex = 0; path = iOSNetworking.app; sourceTree = BUILT_PRODUCTS_DIR; };
		84AA884228989AC600A8E02B /* iOSNetworkingApp.swift */ = {isa = PBXFileReference; lastKnownFileType = sourcecode.swift; path = iOSNetworkingApp.swift; sourceTree = "<group>"; };
		84AA884428989AC600A8E02B /* ContentView.swift */ = {isa = PBXFileReference; lastKnownFileType = sourcecode.swift; path = ContentView.swift; sourceTree = "<group>"; };
		84AA884628989AC800A8E02B /* Assets.xcassets */ = {isa = PBXFileReference; lastKnownFileType = folder.assetcatalog; path = Assets.xcassets; sourceTree = "<group>"; };
		84AA884928989AC800A8E02B /* Preview Assets.xcassets */ = {isa = PBXFileReference; lastKnownFileType = folder.assetcatalog; path = "Preview Assets.xcassets"; sourceTree = "<group>"; };
		84AA885E2898A39600A8E02B /* Tabs.swift */ = {isa = PBXFileReference; lastKnownFileType = sourcecode.swift; path = Tabs.swift; sourceTree = "<group>"; };
		84AA88602898A7C500A8E02B /* Tabify.swift */ = {isa = PBXFileReference; lastKnownFileType = sourcecode.swift; path = Tabify.swift; sourceTree = "<group>"; };
		84AA88632898B4E600A8E02B /* Color+Extensions.swift */ = {isa = PBXFileReference; lastKnownFileType = sourcecode.swift; path = "Color+Extensions.swift"; sourceTree = "<group>"; };
		84AA88652898BD5400A8E02B /* StatusCodesView.swift */ = {isa = PBXFileReference; lastKnownFileType = sourcecode.swift; path = StatusCodesView.swift; sourceTree = "<group>"; };
		84AA88672898BFFE00A8E02B /* CarBrandsView.swift */ = {isa = PBXFileReference; lastKnownFileType = sourcecode.swift; path = CarBrandsView.swift; sourceTree = "<group>"; };
		84AA886B2898DCD900A8E02B /* UserProfileButton.swift */ = {isa = PBXFileReference; lastKnownFileType = sourcecode.swift; path = UserProfileButton.swift; sourceTree = "<group>"; };
		84AA886D2898DF3800A8E02B /* MyBooksView.swift */ = {isa = PBXFileReference; lastKnownFileType = sourcecode.swift; path = MyBooksView.swift; sourceTree = "<group>"; };
		84AA886F2898DF6700A8E02B /* MyImagesView.swift */ = {isa = PBXFileReference; lastKnownFileType = sourcecode.swift; path = MyImagesView.swift; sourceTree = "<group>"; };
		84AA88712898F24C00A8E02B /* UserProfileView.swift */ = {isa = PBXFileReference; lastKnownFileType = sourcecode.swift; path = UserProfileView.swift; sourceTree = "<group>"; };
		84F3AE40289A4CB3004D1359 /* Photo.swift */ = {isa = PBXFileReference; lastKnownFileType = sourcecode.swift; path = Photo.swift; sourceTree = "<group>"; };
/* End PBXFileReference section */

/* Begin PBXFrameworksBuildPhase section */
		84AA883C28989AC600A8E02B /* Frameworks */ = {
			isa = PBXFrameworksBuildPhase;
			buildActionMask = 2147483647;
			files = (
			);
			runOnlyForDeploymentPostprocessing = 0;
		};
/* End PBXFrameworksBuildPhase section */

/* Begin PBXGroup section */
		84492B452899F1BD0000129D /* views */ = {
			isa = PBXGroup;
			children = (
				84AA88652898BD5400A8E02B /* StatusCodesView.swift */,
			);
			path = views;
			sourceTree = "<group>";
		};
		84492B462899F1C70000129D /* model */ = {
			isa = PBXGroup;
			children = (
				84492B472899F23C0000129D /* StatusCode.swift */,
			);
			path = model;
			sourceTree = "<group>";
		};
		84492B49289A10950000129D /* views */ = {
			isa = PBXGroup;
			children = (
				84AA886D2898DF3800A8E02B /* MyBooksView.swift */,
				84492B4A289A10A20000129D /* BookRow.swift */,
				84492B4C289A19750000129D /* BookDataEntryView.swift */,
			);
			path = views;
			sourceTree = "<group>";
		};
		84492B4E289A1A280000129D /* model */ = {
			isa = PBXGroup;
			children = (
				84492B4F289A1A300000129D /* Book.swift */,
			);
			path = model;
			sourceTree = "<group>";
		};
		84AA883628989AC600A8E02B = {
			isa = PBXGroup;
			children = (
				84AA884128989AC600A8E02B /* iOSNetworking */,
				84AA884028989AC600A8E02B /* Products */,
			);
			sourceTree = "<group>";
		};
		84AA884028989AC600A8E02B /* Products */ = {
			isa = PBXGroup;
			children = (
				84AA883F28989AC600A8E02B /* iOSNetworking.app */,
			);
			name = Products;
			sourceTree = "<group>";
		};
		84AA884128989AC600A8E02B /* iOSNetworking */ = {
			isa = PBXGroup;
			children = (
				84AA884428989AC600A8E02B /* ContentView.swift */,
				84AA884228989AC600A8E02B /* iOSNetworkingApp.swift */,
				84AA884628989AC800A8E02B /* Assets.xcassets */,
				84AA885028989B1F00A8E02B /* Core */,
				84AA885C2898A33000A8E02B /* Features */,
				84AA884828989AC800A8E02B /* Preview Content */,
			);
			path = iOSNetworking;
			sourceTree = "<group>";
		};
		84AA884828989AC800A8E02B /* Preview Content */ = {
			isa = PBXGroup;
			children = (
				84AA884928989AC800A8E02B /* Preview Assets.xcassets */,
			);
			path = "Preview Content";
			sourceTree = "<group>";
		};
		84AA885028989B1F00A8E02B /* Core */ = {
			isa = PBXGroup;
			children = (
				84AA885A28989BEC00A8E02B /* domain */,
				84AA885628989B6B00A8E02B /* data */,
			);
			path = Core;
			sourceTree = "<group>";
		};
		84AA885128989B2600A8E02B /* StatusCodes */ = {
			isa = PBXGroup;
			children = (
				84492B462899F1C70000129D /* model */,
				84492B452899F1BD0000129D /* views */,
			);
			path = StatusCodes;
			sourceTree = "<group>";
		};
		84AA885228989B3700A8E02B /* MyBooks */ = {
			isa = PBXGroup;
			children = (
				84492B4E289A1A280000129D /* model */,
				84492B49289A10950000129D /* views */,
			);
			path = MyBooks;
			sourceTree = "<group>";
		};
		84AA885328989B3D00A8E02B /* MyImages */ = {
			isa = PBXGroup;
			children = (
				84F3AE3F289A4C6E004D1359 /* model */,
				84F3AE3E289A4C6B004D1359 /* views */,
				84AA886F2898DF6700A8E02B /* MyImagesView.swift */,
			);
			path = MyImages;
			sourceTree = "<group>";
		};
		84AA885428989B4400A8E02B /* CarBrands */ = {
			isa = PBXGroup;
			children = (
				84AA88672898BFFE00A8E02B /* CarBrandsView.swift */,
			);
			path = CarBrands;
			sourceTree = "<group>";
		};
		84AA885528989B4800A8E02B /* UserProfile */ = {
			isa = PBXGroup;
			children = (
				84AA886B2898DCD900A8E02B /* UserProfileButton.swift */,
				84AA88712898F24C00A8E02B /* UserProfileView.swift */,
			);
			path = UserProfile;
			sourceTree = "<group>";
		};
		84AA885628989B6B00A8E02B /* data */ = {
			isa = PBXGroup;
			children = (
				84AA885728989B8B00A8E02B /* api */,
			);
			path = data;
			sourceTree = "<group>";
		};
		84AA885728989B8B00A8E02B /* api */ = {
			isa = PBXGroup;
			children = (
				84AA885928989BD100A8E02B /* request */,
			);
			path = api;
			sourceTree = "<group>";
		};
		84AA885928989BD100A8E02B /* request */ = {
			isa = PBXGroup;
			children = (
			);
			path = request;
			sourceTree = "<group>";
		};
		84AA885A28989BEC00A8E02B /* domain */ = {
			isa = PBXGroup;
			children = (
				84AA88622898B4D600A8E02B /* utils */,
				84AA885B28989BF000A8E02B /* model */,
			);
			path = domain;
			sourceTree = "<group>";
		};
		84AA885B28989BF000A8E02B /* model */ = {
			isa = PBXGroup;
			children = (
			);
			path = model;
			sourceTree = "<group>";
		};
		84AA885C2898A33000A8E02B /* Features */ = {
			isa = PBXGroup;
			children = (
				84AA885D2898A38200A8E02B /* Home */,
				84AA885428989B4400A8E02B /* CarBrands */,
				84AA885228989B3700A8E02B /* MyBooks */,
				84AA885328989B3D00A8E02B /* MyImages */,
				84AA885128989B2600A8E02B /* StatusCodes */,
				84AA885528989B4800A8E02B /* UserProfile */,
			);
			path = Features;
			sourceTree = "<group>";
		};
		84AA885D2898A38200A8E02B /* Home */ = {
			isa = PBXGroup;
			children = (
				84AA885E2898A39600A8E02B /* Tabs.swift */,
				84AA88602898A7C500A8E02B /* Tabify.swift */,
			);
			path = Home;
			sourceTree = "<group>";
		};
		84AA88622898B4D600A8E02B /* utils */ = {
			isa = PBXGroup;
			children = (
				84AA88632898B4E600A8E02B /* Color+Extensions.swift */,
			);
			path = utils;
			sourceTree = "<group>";
		};
		84F3AE3E289A4C6B004D1359 /* views */ = {
			isa = PBXGroup;
			children = (
			);
			path = views;
			sourceTree = "<group>";
		};
		84F3AE3F289A4C6E004D1359 /* model */ = {
			isa = PBXGroup;
			children = (
				84F3AE40289A4CB3004D1359 /* Photo.swift */,
			);
			path = model;
			sourceTree = "<group>";
		};
/* End PBXGroup section */

/* Begin PBXNativeTarget section */
		84AA883E28989AC600A8E02B /* iOSNetworking */ = {
			isa = PBXNativeTarget;
			buildConfigurationList = 84AA884D28989AC800A8E02B /* Build configuration list for PBXNativeTarget "iOSNetworking" */;
			buildPhases = (
				84AA883B28989AC600A8E02B /* Sources */,
				84AA883C28989AC600A8E02B /* Frameworks */,
				84AA883D28989AC600A8E02B /* Resources */,
			);
			buildRules = (
			);
			dependencies = (
			);
			name = iOSNetworking;
			productName = iOSNetworking;
			productReference = 84AA883F28989AC600A8E02B /* iOSNetworking.app */;
			productType = "com.apple.product-type.application";
		};
/* End PBXNativeTarget section */

/* Begin PBXProject section */
		84AA883728989AC600A8E02B /* Project object */ = {
			isa = PBXProject;
			attributes = {
				BuildIndependentTargetsInParallel = 1;
				LastSwiftUpdateCheck = 1340;
				LastUpgradeCheck = 1340;
				TargetAttributes = {
					84AA883E28989AC600A8E02B = {
						CreatedOnToolsVersion = 13.4.1;
					};
				};
			};
			buildConfigurationList = 84AA883A28989AC600A8E02B /* Build configuration list for PBXProject "iOSNetworking" */;
			compatibilityVersion = "Xcode 13.0";
			developmentRegion = en;
			hasScannedForEncodings = 0;
			knownRegions = (
				en,
				Base,
			);
			mainGroup = 84AA883628989AC600A8E02B;
			productRefGroup = 84AA884028989AC600A8E02B /* Products */;
			projectDirPath = "";
			projectRoot = "";
			targets = (
				84AA883E28989AC600A8E02B /* iOSNetworking */,
			);
		};
/* End PBXProject section */

/* Begin PBXResourcesBuildPhase section */
		84AA883D28989AC600A8E02B /* Resources */ = {
			isa = PBXResourcesBuildPhase;
			buildActionMask = 2147483647;
			files = (
				84AA884A28989AC800A8E02B /* Preview Assets.xcassets in Resources */,
				84AA884728989AC800A8E02B /* Assets.xcassets in Resources */,
			);
			runOnlyForDeploymentPostprocessing = 0;
		};
/* End PBXResourcesBuildPhase section */

/* Begin PBXSourcesBuildPhase section */
		84AA883B28989AC600A8E02B /* Sources */ = {
			isa = PBXSourcesBuildPhase;
			buildActionMask = 2147483647;
			files = (
				84F3AE41289A4CB3004D1359 /* Photo.swift in Sources */,
				84AA88642898B4E600A8E02B /* Color+Extensions.swift in Sources */,
				84AA88702898DF6700A8E02B /* MyImagesView.swift in Sources */,
				84492B482899F23C0000129D /* StatusCode.swift in Sources */,
				84AA886E2898DF3800A8E02B /* MyBooksView.swift in Sources */,
				84AA886C2898DCD900A8E02B /* UserProfileButton.swift in Sources */,
				84AA884528989AC600A8E02B /* ContentView.swift in Sources */,
				84AA88682898BFFE00A8E02B /* CarBrandsView.swift in Sources */,
				84AA88662898BD5400A8E02B /* StatusCodesView.swift in Sources */,
				84492B50289A1A300000129D /* Book.swift in Sources */,
				84AA88722898F24C00A8E02B /* UserProfileView.swift in Sources */,
				84AA884328989AC600A8E02B /* iOSNetworkingApp.swift in Sources */,
				84AA885F2898A39600A8E02B /* Tabs.swift in Sources */,
				84492B4B289A10A20000129D /* BookRow.swift in Sources */,
				84492B4D289A19750000129D /* BookDataEntryView.swift in Sources */,
				84AA88612898A7C500A8E02B /* Tabify.swift in Sources */,
			);
			runOnlyForDeploymentPostprocessing = 0;
		};
/* End PBXSourcesBuildPhase section */

/* Begin XCBuildConfiguration section */
		84AA884B28989AC800A8E02B /* Debug */ = {
			isa = XCBuildConfiguration;
			buildSettings = {
				ALWAYS_SEARCH_USER_PATHS = NO;
				CLANG_ANALYZER_NONNULL = YES;
				CLANG_ANALYZER_NUMBER_OBJECT_CONVERSION = YES_AGGRESSIVE;
				CLANG_CXX_LANGUAGE_STANDARD = "gnu++17";
				CLANG_ENABLE_MODULES = YES;
				CLANG_ENABLE_OBJC_ARC = YES;
				CLANG_ENABLE_OBJC_WEAK = YES;
				CLANG_WARN_BLOCK_CAPTURE_AUTORELEASING = YES;
				CLANG_WARN_BOOL_CONVERSION = YES;
				CLANG_WARN_COMMA = YES;
				CLANG_WARN_CONSTANT_CONVERSION = YES;
				CLANG_WARN_DEPRECATED_OBJC_IMPLEMENTATIONS = YES;
				CLANG_WARN_DIRECT_OBJC_ISA_USAGE = YES_ERROR;
				CLANG_WARN_DOCUMENTATION_COMMENTS = YES;
				CLANG_WARN_EMPTY_BODY = YES;
				CLANG_WARN_ENUM_CONVERSION = YES;
				CLANG_WARN_INFINITE_RECURSION = YES;
				CLANG_WARN_INT_CONVERSION = YES;
				CLANG_WARN_NON_LITERAL_NULL_CONVERSION = YES;
				CLANG_WARN_OBJC_IMPLICIT_RETAIN_SELF = YES;
				CLANG_WARN_OBJC_LITERAL_CONVERSION = YES;
				CLANG_WARN_OBJC_ROOT_CLASS = YES_ERROR;
				CLANG_WARN_QUOTED_INCLUDE_IN_FRAMEWORK_HEADER = YES;
				CLANG_WARN_RANGE_LOOP_ANALYSIS = YES;
				CLANG_WARN_STRICT_PROTOTYPES = YES;
				CLANG_WARN_SUSPICIOUS_MOVE = YES;
				CLANG_WARN_UNGUARDED_AVAILABILITY = YES_AGGRESSIVE;
				CLANG_WARN_UNREACHABLE_CODE = YES;
				CLANG_WARN__DUPLICATE_METHOD_MATCH = YES;
				COPY_PHASE_STRIP = NO;
				DEBUG_INFORMATION_FORMAT = dwarf;
				ENABLE_STRICT_OBJC_MSGSEND = YES;
				ENABLE_TESTABILITY = YES;
				GCC_C_LANGUAGE_STANDARD = gnu11;
				GCC_DYNAMIC_NO_PIC = NO;
				GCC_NO_COMMON_BLOCKS = YES;
				GCC_OPTIMIZATION_LEVEL = 0;
				GCC_PREPROCESSOR_DEFINITIONS = (
					"DEBUG=1",
					"$(inherited)",
				);
				GCC_WARN_64_TO_32_BIT_CONVERSION = YES;
				GCC_WARN_ABOUT_RETURN_TYPE = YES_ERROR;
				GCC_WARN_UNDECLARED_SELECTOR = YES;
				GCC_WARN_UNINITIALIZED_AUTOS = YES_AGGRESSIVE;
				GCC_WARN_UNUSED_FUNCTION = YES;
				GCC_WARN_UNUSED_VARIABLE = YES;
				IPHONEOS_DEPLOYMENT_TARGET = 15.5;
				MTL_ENABLE_DEBUG_INFO = INCLUDE_SOURCE;
				MTL_FAST_MATH = YES;
				ONLY_ACTIVE_ARCH = YES;
				SDKROOT = iphoneos;
				SWIFT_ACTIVE_COMPILATION_CONDITIONS = DEBUG;
				SWIFT_OPTIMIZATION_LEVEL = "-Onone";
			};
			name = Debug;
		};
		84AA884C28989AC800A8E02B /* Release */ = {
			isa = XCBuildConfiguration;
			buildSettings = {
				ALWAYS_SEARCH_USER_PATHS = NO;
				CLANG_ANALYZER_NONNULL = YES;
				CLANG_ANALYZER_NUMBER_OBJECT_CONVERSION = YES_AGGRESSIVE;
				CLANG_CXX_LANGUAGE_STANDARD = "gnu++17";
				CLANG_ENABLE_MODULES = YES;
				CLANG_ENABLE_OBJC_ARC = YES;
				CLANG_ENABLE_OBJC_WEAK = YES;
				CLANG_WARN_BLOCK_CAPTURE_AUTORELEASING = YES;
				CLANG_WARN_BOOL_CONVERSION = YES;
				CLANG_WARN_COMMA = YES;
				CLANG_WARN_CONSTANT_CONVERSION = YES;
				CLANG_WARN_DEPRECATED_OBJC_IMPLEMENTATIONS = YES;
				CLANG_WARN_DIRECT_OBJC_ISA_USAGE = YES_ERROR;
				CLANG_WARN_DOCUMENTATION_COMMENTS = YES;
				CLANG_WARN_EMPTY_BODY = YES;
				CLANG_WARN_ENUM_CONVERSION = YES;
				CLANG_WARN_INFINITE_RECURSION = YES;
				CLANG_WARN_INT_CONVERSION = YES;
				CLANG_WARN_NON_LITERAL_NULL_CONVERSION = YES;
				CLANG_WARN_OBJC_IMPLICIT_RETAIN_SELF = YES;
				CLANG_WARN_OBJC_LITERAL_CONVERSION = YES;
				CLANG_WARN_OBJC_ROOT_CLASS = YES_ERROR;
				CLANG_WARN_QUOTED_INCLUDE_IN_FRAMEWORK_HEADER = YES;
				CLANG_WARN_RANGE_LOOP_ANALYSIS = YES;
				CLANG_WARN_STRICT_PROTOTYPES = YES;
				CLANG_WARN_SUSPICIOUS_MOVE = YES;
				CLANG_WARN_UNGUARDED_AVAILABILITY = YES_AGGRESSIVE;
				CLANG_WARN_UNREACHABLE_CODE = YES;
				CLANG_WARN__DUPLICATE_METHOD_MATCH = YES;
				COPY_PHASE_STRIP = NO;
				DEBUG_INFORMATION_FORMAT = "dwarf-with-dsym";
				ENABLE_NS_ASSERTIONS = NO;
				ENABLE_STRICT_OBJC_MSGSEND = YES;
				GCC_C_LANGUAGE_STANDARD = gnu11;
				GCC_NO_COMMON_BLOCKS = YES;
				GCC_WARN_64_TO_32_BIT_CONVERSION = YES;
				GCC_WARN_ABOUT_RETURN_TYPE = YES_ERROR;
				GCC_WARN_UNDECLARED_SELECTOR = YES;
				GCC_WARN_UNINITIALIZED_AUTOS = YES_AGGRESSIVE;
				GCC_WARN_UNUSED_FUNCTION = YES;
				GCC_WARN_UNUSED_VARIABLE = YES;
				IPHONEOS_DEPLOYMENT_TARGET = 15.5;
				MTL_ENABLE_DEBUG_INFO = NO;
				MTL_FAST_MATH = YES;
				SDKROOT = iphoneos;
				SWIFT_COMPILATION_MODE = wholemodule;
				SWIFT_OPTIMIZATION_LEVEL = "-O";
				VALIDATE_PRODUCT = YES;
			};
			name = Release;
		};
		84AA884E28989AC800A8E02B /* Debug */ = {
			isa = XCBuildConfiguration;
			buildSettings = {
				ASSETCATALOG_COMPILER_APPICON_NAME = AppIcon;
				ASSETCATALOG_COMPILER_GLOBAL_ACCENT_COLOR_NAME = AccentColor;
				CODE_SIGN_STYLE = Automatic;
				CURRENT_PROJECT_VERSION = 1;
				DEVELOPMENT_ASSET_PATHS = "\"iOSNetworking/Preview Content\"";
				DEVELOPMENT_TEAM = BY93XN74UV;
				ENABLE_PREVIEWS = YES;
				GENERATE_INFOPLIST_FILE = YES;
				INFOPLIST_KEY_UIApplicationSceneManifest_Generation = YES;
				INFOPLIST_KEY_UIApplicationSupportsIndirectInputEvents = YES;
				INFOPLIST_KEY_UILaunchScreen_Generation = YES;
				INFOPLIST_KEY_UISupportedInterfaceOrientations_iPad = "UIInterfaceOrientationPortrait UIInterfaceOrientationPortraitUpsideDown UIInterfaceOrientationLandscapeLeft UIInterfaceOrientationLandscapeRight";
				INFOPLIST_KEY_UISupportedInterfaceOrientations_iPhone = "UIInterfaceOrientationPortrait UIInterfaceOrientationLandscapeLeft UIInterfaceOrientationLandscapeRight";
				LD_RUNPATH_SEARCH_PATHS = (
					"$(inherited)",
					"@executable_path/Frameworks",
				);
				MARKETING_VERSION = 1.0;
				PRODUCT_BUNDLE_IDENTIFIER = training.franklin.dev.iOSNetworking;
				PRODUCT_NAME = "$(TARGET_NAME)";
				SWIFT_EMIT_LOC_STRINGS = YES;
				SWIFT_VERSION = 5.0;
				TARGETED_DEVICE_FAMILY = "1,2";
			};
			name = Debug;
		};
		84AA884F28989AC800A8E02B /* Release */ = {
			isa = XCBuildConfiguration;
			buildSettings = {
				ASSETCATALOG_COMPILER_APPICON_NAME = AppIcon;
				ASSETCATALOG_COMPILER_GLOBAL_ACCENT_COLOR_NAME = AccentColor;
				CODE_SIGN_STYLE = Automatic;
				CURRENT_PROJECT_VERSION = 1;
				DEVELOPMENT_ASSET_PATHS = "\"iOSNetworking/Preview Content\"";
				DEVELOPMENT_TEAM = BY93XN74UV;
				ENABLE_PREVIEWS = YES;
				GENERATE_INFOPLIST_FILE = YES;
				INFOPLIST_KEY_UIApplicationSceneManifest_Generation = YES;
				INFOPLIST_KEY_UIApplicationSupportsIndirectInputEvents = YES;
				INFOPLIST_KEY_UILaunchScreen_Generation = YES;
				INFOPLIST_KEY_UISupportedInterfaceOrientations_iPad = "UIInterfaceOrientationPortrait UIInterfaceOrientationPortraitUpsideDown UIInterfaceOrientationLandscapeLeft UIInterfaceOrientationLandscapeRight";
				INFOPLIST_KEY_UISupportedInterfaceOrientations_iPhone = "UIInterfaceOrientationPortrait UIInterfaceOrientationLandscapeLeft UIInterfaceOrientationLandscapeRight";
				LD_RUNPATH_SEARCH_PATHS = (
					"$(inherited)",
					"@executable_path/Frameworks",
				);
				MARKETING_VERSION = 1.0;
				PRODUCT_BUNDLE_IDENTIFIER = training.franklin.dev.iOSNetworking;
				PRODUCT_NAME = "$(TARGET_NAME)";
				SWIFT_EMIT_LOC_STRINGS = YES;
				SWIFT_VERSION = 5.0;
				TARGETED_DEVICE_FAMILY = "1,2";
			};
			name = Release;
		};
/* End XCBuildConfiguration section */

/* Begin XCConfigurationList section */
		84AA883A28989AC600A8E02B /* Build configuration list for PBXProject "iOSNetworking" */ = {
			isa = XCConfigurationList;
			buildConfigurations = (
				84AA884B28989AC800A8E02B /* Debug */,
				84AA884C28989AC800A8E02B /* Release */,
			);
			defaultConfigurationIsVisible = 0;
			defaultConfigurationName = Release;
		};
		84AA884D28989AC800A8E02B /* Build configuration list for PBXNativeTarget "iOSNetworking" */ = {
			isa = XCConfigurationList;
			buildConfigurations = (
				84AA884E28989AC800A8E02B /* Debug */,
				84AA884F28989AC800A8E02B /* Release */,
			);
			defaultConfigurationIsVisible = 0;
			defaultConfigurationName = Release;
		};
/* End XCConfigurationList section */
	};
	rootObject = 84AA883728989AC600A8E02B /* Project object */;
}
